<?xml version="1.0" encoding="utf-8"?>
<Project ToolsVersion="4.0" xmlns="http://schemas.microsoft.com/developer/msbuild/2003">
  <ItemGroup>
    <ClCompile Include="Main.cpp" />
    <ClCompile Include="App.cpp">
      <Filter>App</Filter>
    </ClCompile>
    <ClCompile Include="Utils.cpp">
      <Filter>Infrastructure</Filter>
    </ClCompile>
  </ItemGroup>
  <ItemGroup>
    <ClInclude Include="App.h">
      <Filter>App</Filter>
    </ClInclude>
    <ClInclude Include="pch.h">
      <Filter>Infrastructure</Filter>
    </ClInclude>
    <ClInclude Include="Utils.h">
      <Filter>Infrastructure</Filter>
    </ClInclude>
    <ClInclude Include="Colors.h">
      <Filter>Infrastructure\Colors</Filter>
    </ClInclude>
    <ClInclude Include="Palette.h">
      <Filter>Infrastructure\Colors</Filter>
    </ClInclude>
  </ItemGroup>
  <ItemGroup>
    <Filter Include="App">
      <UniqueIdentifier>{d14e5487-07c0-40e3-a2f9-b46865ffd730}</UniqueIdentifier>
    </Filter>
    <Filter Include="Infrastructure">
      <UniqueIdentifier>{555971e1-84b4-4789-8274-3d3f701fa515}</UniqueIdentifier>
    </Filter>
    <Filter Include="Infrastructure\Colors">
      <UniqueIdentifier>{fe95d4e5-d730-4788-846e-1d99223243a5}</UniqueIdentifier>
    </Filter>
  </ItemGroup>
</Project>